
Microsoft Visual Studio Solution File, Format Version 12.00
# Visual Studio 15
VisualStudioVersion = 15.0.27703.2035
MinimumVisualStudioVersion = 10.0.40219.1
Project("{9A19103F-16F7-4668-BE54-9A1E7A4F7556}") = "ITL.NetCore.Connection", "ITL.NetCore.Connection\ITL.NetCore.Connection.csproj", "{4BD534AC-350F-4ECC-8848-B280E589DCF1}"
EndProject
Project("{FAE04EC0-301F-11D3-BF4B-00C04F79EFBC}") = "ITL.NetCore.Common", "ITL.NetCore.Common\ITL.NetCore.Common.csproj", "{EE0EBC8D-5EC1-4A7A-B7BB-FF11D4125026}"
EndProject
Global
	GlobalSection(SolutionConfigurationPlatforms) = preSolution
		Debug|Any CPU = Debug|Any CPU
		Release|Any CPU = Release|Any CPU
	EndGlobalSection
	GlobalSection(ProjectConfigurationPlatforms) = postSolution
		{4BD534AC-350F-4ECC-8848-B280E589DCF1}.Debug|Any CPU.ActiveCfg = Debug|Any CPU
		{4BD534AC-350F-4ECC-8848-B280E589DCF1}.Debug|Any CPU.Build.0 = Debug|Any CPU
		{4BD534AC-350F-4ECC-8848-B280E589DCF1}.Release|Any CPU.ActiveCfg = Release|Any CPU
		{4BD534AC-350F-4ECC-8848-B280E589DCF1}.Release|Any CPU.Build.0 = Release|Any CPU
		{EE0EBC8D-5EC1-4A7A-B7BB-FF11D4125026}.Debug|Any CPU.ActiveCfg = Debug|Any CPU
		{EE0EBC8D-5EC1-4A7A-B7BB-FF11D4125026}.Debug|Any CPU.Build.0 = Debug|Any CPU
		{EE0EBC8D-5EC1-4A7A-B7BB-FF11D4125026}.Release|Any CPU.ActiveCfg = Release|Any CPU
		{EE0EBC8D-5EC1-4A7A-B7BB-FF11D4125026}.Release|Any CPU.Build.0 = Release|Any CPU
	EndGlobalSection
	GlobalSection(SolutionProperties) = preSolution
		HideSolutionNode = FALSE
	EndGlobalSection
	GlobalSection(ExtensibilityGlobals) = postSolution
		SolutionGuid = {7B75B1DD-614B-4E4E-8A31-17C1B60605A4}
	EndGlobalSection
EndGlobal
