
Microsoft Visual Studio Solution File, Format Version 12.00
# Visual Studio 15
VisualStudioVersion = 15.0.27703.2035
MinimumVisualStudioVersion = 10.0.40219.1
Project("{9A19103F-16F7-4668-BE54-9A1E7A4F7556}") = "eFMS.API.Common", "eFMS.API.Common.csproj", "{28B54A1A-74D7-4D44-8EDB-4A354AF0CB98}"
EndProject
Global
	GlobalSection(SolutionConfigurationPlatforms) = preSolution
		Debug|Any CPU = Debug|Any CPU
		Release|Any CPU = Release|Any CPU
	EndGlobalSection
	GlobalSection(ProjectConfigurationPlatforms) = postSolution
		{28B54A1A-74D7-4D44-8EDB-4A354AF0CB98}.Debug|Any CPU.ActiveCfg = Debug|Any CPU
		{28B54A1A-74D7-4D44-8EDB-4A354AF0CB98}.Debug|Any CPU.Build.0 = Debug|Any CPU
		{28B54A1A-74D7-4D44-8EDB-4A354AF0CB98}.Release|Any CPU.ActiveCfg = Release|Any CPU
		{28B54A1A-74D7-4D44-8EDB-4A354AF0CB98}.Release|Any CPU.Build.0 = Release|Any CPU
	EndGlobalSection
	GlobalSection(SolutionProperties) = preSolution
		HideSolutionNode = FALSE
	EndGlobalSection
	GlobalSection(ExtensibilityGlobals) = postSolution
		SolutionGuid = {CDE63ADB-2171-4D00-BD16-F277D5FD987D}
	EndGlobalSection
EndGlobal
