
Microsoft Visual Studio Solution File, Format Version 12.00
# Visual Studio 15
VisualStudioVersion = 15.0.28307.1082
MinimumVisualStudioVersion = 10.0.40219.1
Project("{9A19103F-16F7-4668-BE54-9A1E7A4F7556}") = "eFMS.API.ForPartner", "eFMS.API.ForPartner\eFMS.API.ForPartner.csproj", "{C8534265-AA45-4596-A3CB-30596CB79118}"
EndProject
Project("{FAE04EC0-301F-11D3-BF4B-00C04F79EFBC}") = "eFMS.API.ForPartner.Service", "eFMS.API.ForPartner.Service\eFMS.API.ForPartner.Service.csproj", "{75CA6CEC-8F0D-478E-93CD-4C6683FED70D}"
EndProject
Project("{FAE04EC0-301F-11D3-BF4B-00C04F79EFBC}") = "eFMS.API.ForPartner.DL", "eFMS.API.ForPartner.DL\eFMS.API.ForPartner.DL.csproj", "{3A3A3437-5474-408C-8818-79AFA1CBDE4D}"
EndProject
Global
	GlobalSection(SolutionConfigurationPlatforms) = preSolution
		Debug|Any CPU = Debug|Any CPU
		Release|Any CPU = Release|Any CPU
	EndGlobalSection
	GlobalSection(ProjectConfigurationPlatforms) = postSolution
		{C8534265-AA45-4596-A3CB-30596CB79118}.Debug|Any CPU.ActiveCfg = Debug|Any CPU
		{C8534265-AA45-4596-A3CB-30596CB79118}.Debug|Any CPU.Build.0 = Debug|Any CPU
		{C8534265-AA45-4596-A3CB-30596CB79118}.Release|Any CPU.ActiveCfg = Release|Any CPU
		{C8534265-AA45-4596-A3CB-30596CB79118}.Release|Any CPU.Build.0 = Release|Any CPU
		{75CA6CEC-8F0D-478E-93CD-4C6683FED70D}.Debug|Any CPU.ActiveCfg = Debug|Any CPU
		{75CA6CEC-8F0D-478E-93CD-4C6683FED70D}.Debug|Any CPU.Build.0 = Debug|Any CPU
		{75CA6CEC-8F0D-478E-93CD-4C6683FED70D}.Release|Any CPU.ActiveCfg = Release|Any CPU
		{75CA6CEC-8F0D-478E-93CD-4C6683FED70D}.Release|Any CPU.Build.0 = Release|Any CPU
		{3A3A3437-5474-408C-8818-79AFA1CBDE4D}.Debug|Any CPU.ActiveCfg = Debug|Any CPU
		{3A3A3437-5474-408C-8818-79AFA1CBDE4D}.Debug|Any CPU.Build.0 = Debug|Any CPU
		{3A3A3437-5474-408C-8818-79AFA1CBDE4D}.Release|Any CPU.ActiveCfg = Release|Any CPU
		{3A3A3437-5474-408C-8818-79AFA1CBDE4D}.Release|Any CPU.Build.0 = Release|Any CPU
	EndGlobalSection
	GlobalSection(SolutionProperties) = preSolution
		HideSolutionNode = FALSE
	EndGlobalSection
	GlobalSection(ExtensibilityGlobals) = postSolution
		SolutionGuid = {1D4AA2B1-E0EB-4D40-A736-D70B93AA2459}
	EndGlobalSection
EndGlobal
