
Microsoft Visual Studio Solution File, Format Version 12.00
# Visual Studio 15
VisualStudioVersion = 15.0.27703.2042
MinimumVisualStudioVersion = 10.0.40219.1
Project("{FAE04EC0-301F-11D3-BF4B-00C04F79EFBC}") = "eFMSWindowService", "eFMSWindowService.csproj", "{40C43291-B1E9-48D8-9FD0-089597A7E69F}"
EndProject
Global
	GlobalSection(SolutionConfigurationPlatforms) = preSolution
		Debug|Any CPU = Debug|Any CPU
		Release|Any CPU = Release|Any CPU
	EndGlobalSection
	GlobalSection(ProjectConfigurationPlatforms) = postSolution
		{40C43291-B1E9-48D8-9FD0-089597A7E69F}.Debug|Any CPU.ActiveCfg = Debug|Any CPU
		{40C43291-B1E9-48D8-9FD0-089597A7E69F}.Debug|Any CPU.Build.0 = Debug|Any CPU
		{40C43291-B1E9-48D8-9FD0-089597A7E69F}.Release|Any CPU.ActiveCfg = Release|Any CPU
		{40C43291-B1E9-48D8-9FD0-089597A7E69F}.Release|Any CPU.Build.0 = Release|Any CPU
	EndGlobalSection
	GlobalSection(SolutionProperties) = preSolution
		HideSolutionNode = FALSE
	EndGlobalSection
	GlobalSection(ExtensibilityGlobals) = postSolution
		SolutionGuid = {9B4CC057-F4F4-48AC-88B9-235BAEC7B7B3}
	EndGlobalSection
EndGlobal
