
Microsoft Visual Studio Solution File, Format Version 12.00
# Visual Studio 15
VisualStudioVersion = 15.0.28307.779
MinimumVisualStudioVersion = 10.0.40219.1
Project("{FAE04EC0-301F-11D3-BF4B-00C04F79EFBC}") = "eFMS.ReportData", "eFMS.ReportData\eFMS.ReportData.csproj", "{807E09C1-CEE9-4F7C-9DD9-45D4BEFA2872}"
EndProject
Project("{FAE04EC0-301F-11D3-BF4B-00C04F79EFBC}") = "eFMS.ReportData.Extension", "eFMS.ReportData.Extension\eFMS.ReportData.Extension.csproj", "{D6373376-E3A7-4A41-BC77-7A7987449535}"
EndProject
Global
	GlobalSection(SolutionConfigurationPlatforms) = preSolution
		Debug|Any CPU = Debug|Any CPU
		Release|Any CPU = Release|Any CPU
	EndGlobalSection
	GlobalSection(ProjectConfigurationPlatforms) = postSolution
		{807E09C1-CEE9-4F7C-9DD9-45D4BEFA2872}.Debug|Any CPU.ActiveCfg = Debug|Any CPU
		{807E09C1-CEE9-4F7C-9DD9-45D4BEFA2872}.Debug|Any CPU.Build.0 = Debug|Any CPU
		{807E09C1-CEE9-4F7C-9DD9-45D4BEFA2872}.Release|Any CPU.ActiveCfg = Release|Any CPU
		{807E09C1-CEE9-4F7C-9DD9-45D4BEFA2872}.Release|Any CPU.Build.0 = Release|Any CPU
		{D6373376-E3A7-4A41-BC77-7A7987449535}.Debug|Any CPU.ActiveCfg = Debug|Any CPU
		{D6373376-E3A7-4A41-BC77-7A7987449535}.Debug|Any CPU.Build.0 = Debug|Any CPU
		{D6373376-E3A7-4A41-BC77-7A7987449535}.Release|Any CPU.ActiveCfg = Release|Any CPU
		{D6373376-E3A7-4A41-BC77-7A7987449535}.Release|Any CPU.Build.0 = Release|Any CPU
	EndGlobalSection
	GlobalSection(SolutionProperties) = preSolution
		HideSolutionNode = FALSE
	EndGlobalSection
	GlobalSection(ExtensibilityGlobals) = postSolution
		SolutionGuid = {57702C6A-83D1-4857-A236-3D9D94D7BF6F}
	EndGlobalSection
EndGlobal
