
Microsoft Visual Studio Solution File, Format Version 12.00
# Visual Studio 15
VisualStudioVersion = 15.0.27703.2042
MinimumVisualStudioVersion = 10.0.40219.1
Project("{9A19103F-16F7-4668-BE54-9A1E7A4F7556}") = "API.Mobile", "API.Mobile\API.Mobile.csproj", "{9A7F1F98-128E-49D2-88FA-464AAFFA10FB}"
EndProject
Project("{FAE04EC0-301F-11D3-BF4B-00C04F79EFBC}") = "eFMS.API.Mobile.DL", "eFMS.API.Mobile.DL\eFMS.API.Mobile.DL.csproj", "{EE99AFF8-81F1-4D2A-9A7D-5F74880686C2}"
EndProject
Project("{FAE04EC0-301F-11D3-BF4B-00C04F79EFBC}") = "eFMS.API.Mobile.Service", "eFMS.API.Mobile.Service\eFMS.API.Mobile.Service.csproj", "{197E2346-C758-473B-A7B1-941ECB460463}"
EndProject
Global
	GlobalSection(SolutionConfigurationPlatforms) = preSolution
		Debug|Any CPU = Debug|Any CPU
		Release|Any CPU = Release|Any CPU
	EndGlobalSection
	GlobalSection(ProjectConfigurationPlatforms) = postSolution
		{9A7F1F98-128E-49D2-88FA-464AAFFA10FB}.Debug|Any CPU.ActiveCfg = Debug|Any CPU
		{9A7F1F98-128E-49D2-88FA-464AAFFA10FB}.Debug|Any CPU.Build.0 = Debug|Any CPU
		{9A7F1F98-128E-49D2-88FA-464AAFFA10FB}.Release|Any CPU.ActiveCfg = Release|Any CPU
		{9A7F1F98-128E-49D2-88FA-464AAFFA10FB}.Release|Any CPU.Build.0 = Release|Any CPU
		{EE99AFF8-81F1-4D2A-9A7D-5F74880686C2}.Debug|Any CPU.ActiveCfg = Debug|Any CPU
		{EE99AFF8-81F1-4D2A-9A7D-5F74880686C2}.Debug|Any CPU.Build.0 = Debug|Any CPU
		{EE99AFF8-81F1-4D2A-9A7D-5F74880686C2}.Release|Any CPU.ActiveCfg = Release|Any CPU
		{EE99AFF8-81F1-4D2A-9A7D-5F74880686C2}.Release|Any CPU.Build.0 = Release|Any CPU
		{197E2346-C758-473B-A7B1-941ECB460463}.Debug|Any CPU.ActiveCfg = Debug|Any CPU
		{197E2346-C758-473B-A7B1-941ECB460463}.Debug|Any CPU.Build.0 = Debug|Any CPU
		{197E2346-C758-473B-A7B1-941ECB460463}.Release|Any CPU.ActiveCfg = Release|Any CPU
		{197E2346-C758-473B-A7B1-941ECB460463}.Release|Any CPU.Build.0 = Release|Any CPU
	EndGlobalSection
	GlobalSection(SolutionProperties) = preSolution
		HideSolutionNode = FALSE
	EndGlobalSection
	GlobalSection(ExtensibilityGlobals) = postSolution
		SolutionGuid = {608F685B-D73C-4342-BEB9-3B46AC24F136}
	EndGlobalSection
EndGlobal
