
Microsoft Visual Studio Solution File, Format Version 12.00
# Visual Studio 15
VisualStudioVersion = 15.0.27703.2042
MinimumVisualStudioVersion = 10.0.40219.1
Project("{9A19103F-16F7-4668-BE54-9A1E7A4F7556}") = "eFMS.IdentityServer.Service", "eFMS.IdentityServer.DAL\eFMS.IdentityServer.Service.csproj", "{AEBF16AA-65CA-4B2F-B867-F54B025163E7}"
EndProject
Project("{9A19103F-16F7-4668-BE54-9A1E7A4F7556}") = "eFMS.IdentityServer", "eFMS.IdentityServer\eFMS.IdentityServer.csproj", "{6DAD0667-A593-4388-A3F0-BE36A03C1BB0}"
EndProject
Project("{9A19103F-16F7-4668-BE54-9A1E7A4F7556}") = "eFMS.IdentityServer.DL", "eFMS.IdentityServer.DL\eFMS.IdentityServer.DL.csproj", "{B04AA5B7-4D76-4328-9AF0-2A3B8E198690}"
EndProject
Global
	GlobalSection(SolutionConfigurationPlatforms) = preSolution
		Debug|Any CPU = Debug|Any CPU
		Release|Any CPU = Release|Any CPU
	EndGlobalSection
	GlobalSection(ProjectConfigurationPlatforms) = postSolution
		{AEBF16AA-65CA-4B2F-B867-F54B025163E7}.Debug|Any CPU.ActiveCfg = Debug|Any CPU
		{AEBF16AA-65CA-4B2F-B867-F54B025163E7}.Debug|Any CPU.Build.0 = Debug|Any CPU
		{AEBF16AA-65CA-4B2F-B867-F54B025163E7}.Release|Any CPU.ActiveCfg = Release|Any CPU
		{AEBF16AA-65CA-4B2F-B867-F54B025163E7}.Release|Any CPU.Build.0 = Release|Any CPU
		{6DAD0667-A593-4388-A3F0-BE36A03C1BB0}.Debug|Any CPU.ActiveCfg = Debug|Any CPU
		{6DAD0667-A593-4388-A3F0-BE36A03C1BB0}.Debug|Any CPU.Build.0 = Debug|Any CPU
		{6DAD0667-A593-4388-A3F0-BE36A03C1BB0}.Release|Any CPU.ActiveCfg = Release|Any CPU
		{6DAD0667-A593-4388-A3F0-BE36A03C1BB0}.Release|Any CPU.Build.0 = Release|Any CPU
		{B04AA5B7-4D76-4328-9AF0-2A3B8E198690}.Debug|Any CPU.ActiveCfg = Debug|Any CPU
		{B04AA5B7-4D76-4328-9AF0-2A3B8E198690}.Debug|Any CPU.Build.0 = Debug|Any CPU
		{B04AA5B7-4D76-4328-9AF0-2A3B8E198690}.Release|Any CPU.ActiveCfg = Release|Any CPU
		{B04AA5B7-4D76-4328-9AF0-2A3B8E198690}.Release|Any CPU.Build.0 = Release|Any CPU
	EndGlobalSection
	GlobalSection(SolutionProperties) = preSolution
		HideSolutionNode = FALSE
	EndGlobalSection
	GlobalSection(ExtensibilityGlobals) = postSolution
		SolutionGuid = {B83A2CF3-6244-44DA-B847-E0215A4F8E74}
	EndGlobalSection
EndGlobal
